// !$*UTF8*$!
{
	archiveVersion = 1;
	classes = {
	};
	objectVersion = 55;
	objects = {

/* Begin PBXBuildFile section */
		4DFE7999D6D37E7E6C565C04 /* Pods_SwinJectProjectTests.framework in Frameworks */ = {isa = PBXBuildFile; fileRef = 77581A9FD2ABE7A54E5FAF5C /* Pods_SwinJectProjectTests.framework */; };
		5A1156232BFF4331722951D3 /* Pods_SwinJectProject_SwinJectProjectUITests.framework in Frameworks */ = {isa = PBXBuildFile; fileRef = A3810DD0DFE29415D007867B /* Pods_SwinJectProject_SwinJectProjectUITests.framework */; };
		85C8B12128AA760A000FC4C3 /* AppDelegate.swift in Sources */ = {isa = PBXBuildFile; fileRef = 85C8B12028AA760A000FC4C3 /* AppDelegate.swift */; };
		85C8B12328AA760A000FC4C3 /* SceneDelegate.swift in Sources */ = {isa = PBXBuildFile; fileRef = 85C8B12228AA760A000FC4C3 /* SceneDelegate.swift */; };
		85C8B12528AA760A000FC4C3 /* ViewController.swift in Sources */ = {isa = PBXBuildFile; fileRef = 85C8B12428AA760A000FC4C3 /* ViewController.swift */; };
		85C8B12828AA760A000FC4C3 /* Main.storyboard in Resources */ = {isa = PBXBuildFile; fileRef = 85C8B12628AA760A000FC4C3 /* Main.storyboard */; };
		85C8B12A28AA760C000FC4C3 /* Assets.xcassets in Resources */ = {isa = PBXBuildFile; fileRef = 85C8B12928AA760C000FC4C3 /* Assets.xcassets */; };
		85C8B12D28AA760C000FC4C3 /* LaunchScreen.storyboard in Resources */ = {isa = PBXBuildFile; fileRef = 85C8B12B28AA760C000FC4C3 /* LaunchScreen.storyboard */; };
		85C8B13828AA760C000FC4C3 /* SwinJectProjectTests.swift in Sources */ = {isa = PBXBuildFile; fileRef = 85C8B13728AA760C000FC4C3 /* SwinJectProjectTests.swift */; };
		85C8B14228AA760C000FC4C3 /* SwinJectProjectUITests.swift in Sources */ = {isa = PBXBuildFile; fileRef = 85C8B14128AA760C000FC4C3 /* SwinJectProjectUITests.swift */; };
		85C8B14428AA760C000FC4C3 /* SwinJectProjectUITestsLaunchTests.swift in Sources */ = {isa = PBXBuildFile; fileRef = 85C8B14328AA760C000FC4C3 /* SwinJectProjectUITestsLaunchTests.swift */; };
		8BF662E39C7F07A8E21D6723 /* Pods_SwinJectProject.framework in Frameworks */ = {isa = PBXBuildFile; fileRef = C84CDB5A122DE4812C431C96 /* Pods_SwinJectProject.framework */; };
/* End PBXBuildFile section */

/* Begin PBXContainerItemProxy section */
		85C8B13428AA760C000FC4C3 /* PBXContainerItemProxy */ = {
			isa = PBXContainerItemProxy;
			containerPortal = 85C8B11528AA760A000FC4C3 /* Project object */;
			proxyType = 1;
			remoteGlobalIDString = 85C8B11C28AA760A000FC4C3;
			remoteInfo = SwinJectProject;
		};
		85C8B13E28AA760C000FC4C3 /* PBXContainerItemProxy */ = {
			isa = PBXContainerItemProxy;
			containerPortal = 85C8B11528AA760A000FC4C3 /* Project object */;
			proxyType = 1;
			remoteGlobalIDString = 85C8B11C28AA760A000FC4C3;
			remoteInfo = SwinJectProject;
		};
/* End PBXContainerItemProxy section */

/* Begin PBXFileReference section */
		10F9A9DC53D99DAE94ACB212 /* Pods-SwinJectProject.debug.xcconfig */ = {isa = PBXFileReference; includeInIndex = 1; lastKnownFileType = text.xcconfig; name = "Pods-SwinJectProject.debug.xcconfig"; path = "Target Support Files/Pods-SwinJectProject/Pods-SwinJectProject.debug.xcconfig"; sourceTree = "<group>"; };
		13C7D00383E6E05308A3F873 /* Pods-SwinJectProject-SwinJectProjectUITests.debug.xcconfig */ = {isa = PBXFileReference; includeInIndex = 1; lastKnownFileType = text.xcconfig; name = "Pods-SwinJectProject-SwinJectProjectUITests.debug.xcconfig"; path = "Target Support Files/Pods-SwinJectProject-SwinJectProjectUITests/Pods-SwinJectProject-SwinJectProjectUITests.debug.xcconfig"; sourceTree = "<group>"; };
		70BD1C68779F4882AD64329A /* Pods-SwinJectProject-SwinJectProjectUITests.release.xcconfig */ = {isa = PBXFileReference; includeInIndex = 1; lastKnownFileType = text.xcconfig; name = "Pods-SwinJectProject-SwinJectProjectUITests.release.xcconfig"; path = "Target Support Files/Pods-SwinJectProject-SwinJectProjectUITests/Pods-SwinJectProject-SwinJectProjectUITests.release.xcconfig"; sourceTree = "<group>"; };
		77581A9FD2ABE7A54E5FAF5C /* Pods_SwinJectProjectTests.framework */ = {isa = PBXFileReference; explicitFileType = wrapper.framework; includeInIndex = 0; path = Pods_SwinJectProjectTests.framework; sourceTree = BUILT_PRODUCTS_DIR; };
		85C8B11D28AA760A000FC4C3 /* SwinJectProject.app */ = {isa = PBXFileReference; explicitFileType = wrapper.application; includeInIndex = 0; path = SwinJectProject.app; sourceTree = BUILT_PRODUCTS_DIR; };
		85C8B12028AA760A000FC4C3 /* AppDelegate.swift */ = {isa = PBXFileReference; lastKnownFileType = sourcecode.swift; path = AppDelegate.swift; sourceTree = "<group>"; };
		85C8B12228AA760A000FC4C3 /* SceneDelegate.swift */ = {isa = PBXFileReference; lastKnownFileType = sourcecode.swift; path = SceneDelegate.swift; sourceTree = "<group>"; };
		85C8B12428AA760A000FC4C3 /* ViewController.swift */ = {isa = PBXFileReference; lastKnownFileType = sourcecode.swift; path = ViewController.swift; sourceTree = "<group>"; };
		85C8B12728AA760A000FC4C3 /* Base */ = {isa = PBXFileReference; lastKnownFileType = file.storyboard; name = Base; path = Base.lproj/Main.storyboard; sourceTree = "<group>"; };
		85C8B12928AA760C000FC4C3 /* Assets.xcassets */ = {isa = PBXFileReference; lastKnownFileType = folder.assetcatalog; path = Assets.xcassets; sourceTree = "<group>"; };
		85C8B12C28AA760C000FC4C3 /* Base */ = {isa = PBXFileReference; lastKnownFileType = file.storyboard; name = Base; path = Base.lproj/LaunchScreen.storyboard; sourceTree = "<group>"; };
		85C8B12E28AA760C000FC4C3 /* Info.plist */ = {isa = PBXFileReference; lastKnownFileType = text.plist.xml; path = Info.plist; sourceTree = "<group>"; };
		85C8B13328AA760C000FC4C3 /* SwinJectProjectTests.xctest */ = {isa = PBXFileReference; explicitFileType = wrapper.cfbundle; includeInIndex = 0; path = SwinJectProjectTests.xctest; sourceTree = BUILT_PRODUCTS_DIR; };
		85C8B13728AA760C000FC4C3 /* SwinJectProjectTests.swift */ = {isa = PBXFileReference; lastKnownFileType = sourcecode.swift; path = SwinJectProjectTests.swift; sourceTree = "<group>"; };
		85C8B13D28AA760C000FC4C3 /* SwinJectProjectUITests.xctest */ = {isa = PBXFileReference; explicitFileType = wrapper.cfbundle; includeInIndex = 0; path = SwinJectProjectUITests.xctest; sourceTree = BUILT_PRODUCTS_DIR; };
		85C8B14128AA760C000FC4C3 /* SwinJectProjectUITests.swift */ = {isa = PBXFileReference; lastKnownFileType = sourcecode.swift; path = SwinJectProjectUITests.swift; sourceTree = "<group>"; };
		85C8B14328AA760C000FC4C3 /* SwinJectProjectUITestsLaunchTests.swift */ = {isa = PBXFileReference; lastKnownFileType = sourcecode.swift; path = SwinJectProjectUITestsLaunchTests.swift; sourceTree = "<group>"; };
		A3810DD0DFE29415D007867B /* Pods_SwinJectProject_SwinJectProjectUITests.framework */ = {isa = PBXFileReference; explicitFileType = wrapper.framework; includeInIndex = 0; path = Pods_SwinJectProject_SwinJectProjectUITests.framework; sourceTree = BUILT_PRODUCTS_DIR; };
		A48848D746E70BEC9F17A565 /* Pods-SwinJectProjectTests.debug.xcconfig */ = {isa = PBXFileReference; includeInIndex = 1; lastKnownFileType = text.xcconfig; name = "Pods-SwinJectProjectTests.debug.xcconfig"; path = "Target Support Files/Pods-SwinJectProjectTests/Pods-SwinJectProjectTests.debug.xcconfig"; sourceTree = "<group>"; };
		C84CDB5A122DE4812C431C96 /* Pods_SwinJectProject.framework */ = {isa = PBXFileReference; explicitFileType = wrapper.framework; includeInIndex = 0; path = Pods_SwinJectProject.framework; sourceTree = BUILT_PRODUCTS_DIR; };
		E903E1148C6690E55844F09D /* Pods-SwinJectProjectTests.release.xcconfig */ = {isa = PBXFileReference; includeInIndex = 1; lastKnownFileType = text.xcconfig; name = "Pods-SwinJectProjectTests.release.xcconfig"; path = "Target Support Files/Pods-SwinJectProjectTests/Pods-SwinJectProjectTests.release.xcconfig"; sourceTree = "<group>"; };
		FF024C24BEDB19A157B391C0 /* Pods-SwinJectProject.release.xcconfig */ = {isa = PBXFileReference; includeInIndex = 1; lastKnownFileType = text.xcconfig; name = "Pods-SwinJectProject.release.xcconfig"; path = "Target Support Files/Pods-SwinJectProject/Pods-SwinJectProject.release.xcconfig"; sourceTree = "<group>"; };
/* End PBXFileReference section */

/* Begin PBXFrameworksBuildPhase section */
		85C8B11A28AA760A000FC4C3 /* Frameworks */ = {
			isa = PBXFrameworksBuildPhase;
			buildActionMask = 2147483647;
			files = (
				8BF662E39C7F07A8E21D6723 /* Pods_SwinJectProject.framework in Frameworks */,
			);
			runOnlyForDeploymentPostprocessing = 0;
		};
		85C8B13028AA760C000FC4C3 /* Frameworks */ = {
			isa = PBXFrameworksBuildPhase;
			buildActionMask = 2147483647;
			files = (
				4DFE7999D6D37E7E6C565C04 /* Pods_SwinJectProjectTests.framework in Frameworks */,
			);
			runOnlyForDeploymentPostprocessing = 0;
		};
		85C8B13A28AA760C000FC4C3 /* Frameworks */ = {
			isa = PBXFrameworksBuildPhase;
			buildActionMask = 2147483647;
			files = (
				5A1156232BFF4331722951D3 /* Pods_SwinJectProject_SwinJectProjectUITests.framework in Frameworks */,
			);
			runOnlyForDeploymentPostprocessing = 0;
		};
/* End PBXFrameworksBuildPhase section */

/* Begin PBXGroup section */
		3A0F33DDF451A67D00E6075F /* Pods */ = {
			isa = PBXGroup;
			children = (
				10F9A9DC53D99DAE94ACB212 /* Pods-SwinJectProject.debug.xcconfig */,
				FF024C24BEDB19A157B391C0 /* Pods-SwinJectProject.release.xcconfig */,
				13C7D00383E6E05308A3F873 /* Pods-SwinJectProject-SwinJectProjectUITests.debug.xcconfig */,
				70BD1C68779F4882AD64329A /* Pods-SwinJectProject-SwinJectProjectUITests.release.xcconfig */,
				A48848D746E70BEC9F17A565 /* Pods-SwinJectProjectTests.debug.xcconfig */,
				E903E1148C6690E55844F09D /* Pods-SwinJectProjectTests.release.xcconfig */,
			);
			name = Pods;
			path = Pods;
			sourceTree = "<group>";
		};
		5C85F4E792B156348A04C830 /* Frameworks */ = {
			isa = PBXGroup;
			children = (
				C84CDB5A122DE4812C431C96 /* Pods_SwinJectProject.framework */,
				A3810DD0DFE29415D007867B /* Pods_SwinJectProject_SwinJectProjectUITests.framework */,
				77581A9FD2ABE7A54E5FAF5C /* Pods_SwinJectProjectTests.framework */,
			);
			name = Frameworks;
			sourceTree = "<group>";
		};
		85C8B11428AA760A000FC4C3 = {
			isa = PBXGroup;
			children = (
				85C8B11F28AA760A000FC4C3 /* SwinJectProject */,
				85C8B13628AA760C000FC4C3 /* SwinJectProjectTests */,
				85C8B14028AA760C000FC4C3 /* SwinJectProjectUITests */,
				85C8B11E28AA760A000FC4C3 /* Products */,
				3A0F33DDF451A67D00E6075F /* Pods */,
				5C85F4E792B156348A04C830 /* Frameworks */,
			);
			sourceTree = "<group>";
		};
		85C8B11E28AA760A000FC4C3 /* Products */ = {
			isa = PBXGroup;
			children = (
				85C8B11D28AA760A000FC4C3 /* SwinJectProject.app */,
				85C8B13328AA760C000FC4C3 /* SwinJectProjectTests.xctest */,
				85C8B13D28AA760C000FC4C3 /* SwinJectProjectUITests.xctest */,
			);
			name = Products;
			sourceTree = "<group>";
		};
		85C8B11F28AA760A000FC4C3 /* SwinJectProject */ = {
			isa = PBXGroup;
			children = (
				85C8B12028AA760A000FC4C3 /* AppDelegate.swift */,
				85C8B12228AA760A000FC4C3 /* SceneDelegate.swift */,
				85C8B12428AA760A000FC4C3 /* ViewController.swift */,
				85C8B12628AA760A000FC4C3 /* Main.storyboard */,
				85C8B12928AA760C000FC4C3 /* Assets.xcassets */,
				85C8B12B28AA760C000FC4C3 /* LaunchScreen.storyboard */,
				85C8B12E28AA760C000FC4C3 /* Info.plist */,
			);
			path = SwinJectProject;
			sourceTree = "<group>";
		};
		85C8B13628AA760C000FC4C3 /* SwinJectProjectTests */ = {
			isa = PBXGroup;
			children = (
				85C8B13728AA760C000FC4C3 /* SwinJectProjectTests.swift */,
			);
			path = SwinJectProjectTests;
			sourceTree = "<group>";
		};
		85C8B14028AA760C000FC4C3 /* SwinJectProjectUITests */ = {
			isa = PBXGroup;
			children = (
				85C8B14128AA760C000FC4C3 /* SwinJectProjectUITests.swift */,
				85C8B14328AA760C000FC4C3 /* SwinJectProjectUITestsLaunchTests.swift */,
			);
			path = SwinJectProjectUITests;
			sourceTree = "<group>";
		};
/* End PBXGroup section */

/* Begin PBXNativeTarget section */
		85C8B11C28AA760A000FC4C3 /* SwinJectProject */ = {
			isa = PBXNativeTarget;
			buildConfigurationList = 85C8B14728AA760C000FC4C3 /* Build configuration list for PBXNativeTarget "SwinJectProject" */;
			buildPhases = (
				AA8B6B0AA3FCBB480886AD91 /* [CP] Check Pods Manifest.lock */,
				85C8B11928AA760A000FC4C3 /* Sources */,
				85C8B11A28AA760A000FC4C3 /* Frameworks */,
				85C8B11B28AA760A000FC4C3 /* Resources */,
				B83E544D6E142F42B5180C9F /* [CP] Embed Pods Frameworks */,
			);
			buildRules = (
			);
			dependencies = (
			);
			name = SwinJectProject;
			productName = SwinJectProject;
			productReference = 85C8B11D28AA760A000FC4C3 /* SwinJectProject.app */;
			productType = "com.apple.product-type.application";
		};
		85C8B13228AA760C000FC4C3 /* SwinJectProjectTests */ = {
			isa = PBXNativeTarget;
			buildConfigurationList = 85C8B14A28AA760C000FC4C3 /* Build configuration list for PBXNativeTarget "SwinJectProjectTests" */;
			buildPhases = (
				488244F100223D26729330E7 /* [CP] Check Pods Manifest.lock */,
				85C8B12F28AA760C000FC4C3 /* Sources */,
				85C8B13028AA760C000FC4C3 /* Frameworks */,
				85C8B13128AA760C000FC4C3 /* Resources */,
			);
			buildRules = (
			);
			dependencies = (
				85C8B13528AA760C000FC4C3 /* PBXTargetDependency */,
			);
			name = SwinJectProjectTests;
			productName = SwinJectProjectTests;
			productReference = 85C8B13328AA760C000FC4C3 /* SwinJectProjectTests.xctest */;
			productType = "com.apple.product-type.bundle.unit-test";
		};
		85C8B13C28AA760C000FC4C3 /* SwinJectProjectUITests */ = {
			isa = PBXNativeTarget;
			buildConfigurationList = 85C8B14D28AA760C000FC4C3 /* Build configuration list for PBXNativeTarget "SwinJectProjectUITests" */;
			buildPhases = (
				DCC46A3DB472851A3726F619 /* [CP] Check Pods Manifest.lock */,
				85C8B13928AA760C000FC4C3 /* Sources */,
				85C8B13A28AA760C000FC4C3 /* Frameworks */,
				85C8B13B28AA760C000FC4C3 /* Resources */,
				B799AECC81E14E86329B927F /* [CP] Embed Pods Frameworks */,
			);
			buildRules = (
			);
			dependencies = (
				85C8B13F28AA760C000FC4C3 /* PBXTargetDependency */,
			);
			name = SwinJectProjectUITests;
			productName = SwinJectProjectUITests;
			productReference = 85C8B13D28AA760C000FC4C3 /* SwinJectProjectUITests.xctest */;
			productType = "com.apple.product-type.bundle.ui-testing";
		};
/* End PBXNativeTarget section */

/* Begin PBXProject section */
		85C8B11528AA760A000FC4C3 /* Project object */ = {
			isa = PBXProject;
			attributes = {
				BuildIndependentTargetsInParallel = 1;
				LastSwiftUpdateCheck = 1320;
				LastUpgradeCheck = 1320;
				TargetAttributes = {
					85C8B11C28AA760A000FC4C3 = {
						CreatedOnToolsVersion = 13.2.1;
					};
					85C8B13228AA760C000FC4C3 = {
						CreatedOnToolsVersion = 13.2.1;
						TestTargetID = 85C8B11C28AA760A000FC4C3;
					};
					85C8B13C28AA760C000FC4C3 = {
						CreatedOnToolsVersion = 13.2.1;
						TestTargetID = 85C8B11C28AA760A000FC4C3;
					};
				};
			};
			buildConfigurationList = 85C8B11828AA760A000FC4C3 /* Build configuration list for PBXProject "SwinJectProject" */;
			compatibilityVersion = "Xcode 13.0";
			developmentRegion = en;
			hasScannedForEncodings = 0;
			knownRegions = (
				en,
				Base,
			);
			mainGroup = 85C8B11428AA760A000FC4C3;
			productRefGroup = 85C8B11E28AA760A000FC4C3 /* Products */;
			projectDirPath = "";
			projectRoot = "";
			targets = (
				85C8B11C28AA760A000FC4C3 /* SwinJectProject */,
				85C8B13228AA760C000FC4C3 /* SwinJectProjectTests */,
				85C8B13C28AA760C000FC4C3 /* SwinJectProjectUITests */,
			);
		};
/* End PBXProject section */

/* Begin PBXResourcesBuildPhase section */
		85C8B11B28AA760A000FC4C3 /* Resources */ = {
			isa = PBXResourcesBuildPhase;
			buildActionMask = 2147483647;
			files = (
				85C8B12D28AA760C000FC4C3 /* LaunchScreen.storyboard in Resources */,
				85C8B12A28AA760C000FC4C3 /* Assets.xcassets in Resources */,
				85C8B12828AA760A000FC4C3 /* Main.storyboard in Resources */,
			);
			runOnlyForDeploymentPostprocessing = 0;
		};
		85C8B13128AA760C000FC4C3 /* Resources */ = {
			isa = PBXResourcesBuildPhase;
			buildActionMask = 2147483647;
			files = (
			);
			runOnlyForDeploymentPostprocessing = 0;
		};
		85C8B13B28AA760C000FC4C3 /* Resources */ = {
			isa = PBXResourcesBuildPhase;
			buildActionMask = 2147483647;
			files = (
			);
			runOnlyForDeploymentPostprocessing = 0;
		};
/* End PBXResourcesBuildPhase section */

/* Begin PBXShellScriptBuildPhase section */
		488244F100223D26729330E7 /* [CP] Check Pods Manifest.lock */ = {
			isa = PBXShellScriptBuildPhase;
			buildActionMask = 2147483647;
			files = (
			);
			inputFileListPaths = (
			);
			inputPaths = (
				"${PODS_PODFILE_DIR_PATH}/Podfile.lock",
				"${PODS_ROOT}/Manifest.lock",
			);
			name = "[CP] Check Pods Manifest.lock";
			outputFileListPaths = (
			);
			outputPaths = (
				"$(DERIVED_FILE_DIR)/Pods-SwinJectProjectTests-checkManifestLockResult.txt",
			);
			runOnlyForDeploymentPostprocessing = 0;
			shellPath = /bin/sh;
			shellScript = "diff \"${PODS_PODFILE_DIR_PATH}/Podfile.lock\" \"${PODS_ROOT}/Manifest.lock\" > /dev/null\nif [ $? != 0 ] ; then\n    # print error to STDERR\n    echo \"error: The sandbox is not in sync with the Podfile.lock. Run 'pod install' or update your CocoaPods installation.\" >&2\n    exit 1\nfi\n# This output is used by Xcode 'outputs' to avoid re-running this script phase.\necho \"SUCCESS\" > \"${SCRIPT_OUTPUT_FILE_0}\"\n";
			showEnvVarsInLog = 0;
		};
		AA8B6B0AA3FCBB480886AD91 /* [CP] Check Pods Manifest.lock */ = {
			isa = PBXShellScriptBuildPhase;
			buildActionMask = 2147483647;
			files = (
			);
			inputFileListPaths = (
			);
			inputPaths = (
				"${PODS_PODFILE_DIR_PATH}/Podfile.lock",
				"${PODS_ROOT}/Manifest.lock",
			);
			name = "[CP] Check Pods Manifest.lock";
			outputFileListPaths = (
			);
			outputPaths = (
				"$(DERIVED_FILE_DIR)/Pods-SwinJectProject-checkManifestLockResult.txt",
			);
			runOnlyForDeploymentPostprocessing = 0;
			shellPath = /bin/sh;
			shellScript = "diff \"${PODS_PODFILE_DIR_PATH}/Podfile.lock\" \"${PODS_ROOT}/Manifest.lock\" > /dev/null\nif [ $? != 0 ] ; then\n    # print error to STDERR\n    echo \"error: The sandbox is not in sync with the Podfile.lock. Run 'pod install' or update your CocoaPods installation.\" >&2\n    exit 1\nfi\n# This output is used by Xcode 'outputs' to avoid re-running this script phase.\necho \"SUCCESS\" > \"${SCRIPT_OUTPUT_FILE_0}\"\n";
			showEnvVarsInLog = 0;
		};
		B799AECC81E14E86329B927F /* [CP] Embed Pods Frameworks */ = {
			isa = PBXShellScriptBuildPhase;
			buildActionMask = 2147483647;
			files = (
			);
			inputFileListPaths = (
				"${PODS_ROOT}/Target Support Files/Pods-SwinJectProject-SwinJectProjectUITests/Pods-SwinJectProject-SwinJectProjectUITests-frameworks-${CONFIGURATION}-input-files.xcfilelist",
			);
			name = "[CP] Embed Pods Frameworks";
			outputFileListPaths = (
				"${PODS_ROOT}/Target Support Files/Pods-SwinJectProject-SwinJectProjectUITests/Pods-SwinJectProject-SwinJectProjectUITests-frameworks-${CONFIGURATION}-output-files.xcfilelist",
			);
			runOnlyForDeploymentPostprocessing = 0;
			shellPath = /bin/sh;
			shellScript = "\"${PODS_ROOT}/Target Support Files/Pods-SwinJectProject-SwinJectProjectUITests/Pods-SwinJectProject-SwinJectProjectUITests-frameworks.sh\"\n";
			showEnvVarsInLog = 0;
		};
		B83E544D6E142F42B5180C9F /* [CP] Embed Pods Frameworks */ = {
			isa = PBXShellScriptBuildPhase;
			buildActionMask = 2147483647;
			files = (
			);
			inputFileListPaths = (
				"${PODS_ROOT}/Target Support Files/Pods-SwinJectProject/Pods-SwinJectProject-frameworks-${CONFIGURATION}-input-files.xcfilelist",
			);
			name = "[CP] Embed Pods Frameworks";
			outputFileListPaths = (
				"${PODS_ROOT}/Target Support Files/Pods-SwinJectProject/Pods-SwinJectProject-frameworks-${CONFIGURATION}-output-files.xcfilelist",
			);
			runOnlyForDeploymentPostprocessing = 0;
			shellPath = /bin/sh;
			shellScript = "\"${PODS_ROOT}/Target Support Files/Pods-SwinJectProject/Pods-SwinJectProject-frameworks.sh\"\n";
			showEnvVarsInLog = 0;
		};
		DCC46A3DB472851A3726F619 /* [CP] Check Pods Manifest.lock */ = {
			isa = PBXShellScriptBuildPhase;
			buildActionMask = 2147483647;
			files = (
			);
			inputFileListPaths = (
			);
			inputPaths = (
				"${PODS_PODFILE_DIR_PATH}/Podfile.lock",
				"${PODS_ROOT}/Manifest.lock",
			);
			name = "[CP] Check Pods Manifest.lock";
			outputFileListPaths = (
			);
			outputPaths = (
				"$(DERIVED_FILE_DIR)/Pods-SwinJectProject-SwinJectProjectUITests-checkManifestLockResult.txt",
			);
			runOnlyForDeploymentPostprocessing = 0;
			shellPath = /bin/sh;
			shellScript = "diff \"${PODS_PODFILE_DIR_PATH}/Podfile.lock\" \"${PODS_ROOT}/Manifest.lock\" > /dev/null\nif [ $? != 0 ] ; then\n    # print error to STDERR\n    echo \"error: The sandbox is not in sync with the Podfile.lock. Run 'pod install' or update your CocoaPods installation.\" >&2\n    exit 1\nfi\n# This output is used by Xcode 'outputs' to avoid re-running this script phase.\necho \"SUCCESS\" > \"${SCRIPT_OUTPUT_FILE_0}\"\n";
			showEnvVarsInLog = 0;
		};
/* End PBXShellScriptBuildPhase section */

/* Begin PBXSourcesBuildPhase section */
		85C8B11928AA760A000FC4C3 /* Sources */ = {
			isa = PBXSourcesBuildPhase;
			buildActionMask = 2147483647;
			files = (
				85C8B12528AA760A000FC4C3 /* ViewController.swift in Sources */,
				85C8B12128AA760A000FC4C3 /* AppDelegate.swift in Sources */,
				85C8B12328AA760A000FC4C3 /* SceneDelegate.swift in Sources */,
			);
			runOnlyForDeploymentPostprocessing = 0;
		};
		85C8B12F28AA760C000FC4C3 /* Sources */ = {
			isa = PBXSourcesBuildPhase;
			buildActionMask = 2147483647;
			files = (
				85C8B13828AA760C000FC4C3 /* SwinJectProjectTests.swift in Sources */,
			);
			runOnlyForDeploymentPostprocessing = 0;
		};
		85C8B13928AA760C000FC4C3 /* Sources */ = {
			isa = PBXSourcesBuildPhase;
			buildActionMask = 2147483647;
			files = (
				85C8B14228AA760C000FC4C3 /* SwinJectProjectUITests.swift in Sources */,
				85C8B14428AA760C000FC4C3 /* SwinJectProjectUITestsLaunchTests.swift in Sources */,
			);
			runOnlyForDeploymentPostprocessing = 0;
		};
/* End PBXSourcesBuildPhase section */

/* Begin PBXTargetDependency section */
		85C8B13528AA760C000FC4C3 /* PBXTargetDependency */ = {
			isa = PBXTargetDependency;
			target = 85C8B11C28AA760A000FC4C3 /* SwinJectProject */;
			targetProxy = 85C8B13428AA760C000FC4C3 /* PBXContainerItemProxy */;
		};
		85C8B13F28AA760C000FC4C3 /* PBXTargetDependency */ = {
			isa = PBXTargetDependency;
			target = 85C8B11C28AA760A000FC4C3 /* SwinJectProject */;
			targetProxy = 85C8B13E28AA760C000FC4C3 /* PBXContainerItemProxy */;
		};
/* End PBXTargetDependency section */

/* Begin PBXVariantGroup section */
		85C8B12628AA760A000FC4C3 /* Main.storyboard */ = {
			isa = PBXVariantGroup;
			children = (
				85C8B12728AA760A000FC4C3 /* Base */,
			);
			name = Main.storyboard;
			sourceTree = "<group>";
		};
		85C8B12B28AA760C000FC4C3 /* LaunchScreen.storyboard */ = {
			isa = PBXVariantGroup;
			children = (
				85C8B12C28AA760C000FC4C3 /* Base */,
			);
			name = LaunchScreen.storyboard;
			sourceTree = "<group>";
		};
/* End PBXVariantGroup section */

/* Begin XCBuildConfiguration section */
		85C8B14528AA760C000FC4C3 /* Debug */ = {
			isa = XCBuildConfiguration;
			buildSettings = {
				ALWAYS_SEARCH_USER_PATHS = NO;
				CLANG_ANALYZER_NONNULL = YES;
				CLANG_ANALYZER_NUMBER_OBJECT_CONVERSION = YES_AGGRESSIVE;
				CLANG_CXX_LANGUAGE_STANDARD = "gnu++17";
				CLANG_CXX_LIBRARY = "libc++";
				CLANG_ENABLE_MODULES = YES;
				CLANG_ENABLE_OBJC_ARC = YES;
				CLANG_ENABLE_OBJC_WEAK = YES;
				CLANG_WARN_BLOCK_CAPTURE_AUTORELEASING = YES;
				CLANG_WARN_BOOL_CONVERSION = YES;
				CLANG_WARN_COMMA = YES;
				CLANG_WARN_CONSTANT_CONVERSION = YES;
				CLANG_WARN_DEPRECATED_OBJC_IMPLEMENTATIONS = YES;
				CLANG_WARN_DIRECT_OBJC_ISA_USAGE = YES_ERROR;
				CLANG_WARN_DOCUMENTATION_COMMENTS = YES;
				CLANG_WARN_EMPTY_BODY = YES;
				CLANG_WARN_ENUM_CONVERSION = YES;
				CLANG_WARN_INFINITE_RECURSION = YES;
				CLANG_WARN_INT_CONVERSION = YES;
				CLANG_WARN_NON_LITERAL_NULL_CONVERSION = YES;
				CLANG_WARN_OBJC_IMPLICIT_RETAIN_SELF = YES;
				CLANG_WARN_OBJC_LITERAL_CONVERSION = YES;
				CLANG_WARN_OBJC_ROOT_CLASS = YES_ERROR;
				CLANG_WARN_QUOTED_INCLUDE_IN_FRAMEWORK_HEADER = YES;
				CLANG_WARN_RANGE_LOOP_ANALYSIS = YES;
				CLANG_WARN_STRICT_PROTOTYPES = YES;
				CLANG_WARN_SUSPICIOUS_MOVE = YES;
				CLANG_WARN_UNGUARDED_AVAILABILITY = YES_AGGRESSIVE;
				CLANG_WARN_UNREACHABLE_CODE = YES;
				CLANG_WARN__DUPLICATE_METHOD_MATCH = YES;
				COPY_PHASE_STRIP = NO;
				DEBUG_INFORMATION_FORMAT = dwarf;
				ENABLE_STRICT_OBJC_MSGSEND = YES;
				ENABLE_TESTABILITY = YES;
				GCC_C_LANGUAGE_STANDARD = gnu11;
				GCC_DYNAMIC_NO_PIC = NO;
				GCC_NO_COMMON_BLOCKS = YES;
				GCC_OPTIMIZATION_LEVEL = 0;
				GCC_PREPROCESSOR_DEFINITIONS = (
					"DEBUG=1",
					"$(inherited)",
				);
				GCC_WARN_64_TO_32_BIT_CONVERSION = YES;
				GCC_WARN_ABOUT_RETURN_TYPE = YES_ERROR;
				GCC_WARN_UNDECLARED_SELECTOR = YES;
				GCC_WARN_UNINITIALIZED_AUTOS = YES_AGGRESSIVE;
				GCC_WARN_UNUSED_FUNCTION = YES;
				GCC_WARN_UNUSED_VARIABLE = YES;
				IPHONEOS_DEPLOYMENT_TARGET = 15.2;
				MTL_ENABLE_DEBUG_INFO = INCLUDE_SOURCE;
				MTL_FAST_MATH = YES;
				ONLY_ACTIVE_ARCH = YES;
				SDKROOT = iphoneos;
				SWIFT_ACTIVE_COMPILATION_CONDITIONS = DEBUG;
				SWIFT_OPTIMIZATION_LEVEL = "-Onone";
			};
			name = Debug;
		};
		85C8B14628AA760C000FC4C3 /* Release */ = {
			isa = XCBuildConfiguration;
			buildSettings = {
				ALWAYS_SEARCH_USER_PATHS = NO;
				CLANG_ANALYZER_NONNULL = YES;
				CLANG_ANALYZER_NUMBER_OBJECT_CONVERSION = YES_AGGRESSIVE;
				CLANG_CXX_LANGUAGE_STANDARD = "gnu++17";
				CLANG_CXX_LIBRARY = "libc++";
				CLANG_ENABLE_MODULES = YES;
				CLANG_ENABLE_OBJC_ARC = YES;
				CLANG_ENABLE_OBJC_WEAK = YES;
				CLANG_WARN_BLOCK_CAPTURE_AUTORELEASING = YES;
				CLANG_WARN_BOOL_CONVERSION = YES;
				CLANG_WARN_COMMA = YES;
				CLANG_WARN_CONSTANT_CONVERSION = YES;
				CLANG_WARN_DEPRECATED_OBJC_IMPLEMENTATIONS = YES;
				CLANG_WARN_DIRECT_OBJC_ISA_USAGE = YES_ERROR;
				CLANG_WARN_DOCUMENTATION_COMMENTS = YES;
				CLANG_WARN_EMPTY_BODY = YES;
				CLANG_WARN_ENUM_CONVERSION = YES;
				CLANG_WARN_INFINITE_RECURSION = YES;
				CLANG_WARN_INT_CONVERSION = YES;
				CLANG_WARN_NON_LITERAL_NULL_CONVERSION = YES;
				CLANG_WARN_OBJC_IMPLICIT_RETAIN_SELF = YES;
				CLANG_WARN_OBJC_LITERAL_CONVERSION = YES;
				CLANG_WARN_OBJC_ROOT_CLASS = YES_ERROR;
				CLANG_WARN_QUOTED_INCLUDE_IN_FRAMEWORK_HEADER = YES;
				CLANG_WARN_RANGE_LOOP_ANALYSIS = YES;
				CLANG_WARN_STRICT_PROTOTYPES = YES;
				CLANG_WARN_SUSPICIOUS_MOVE = YES;
				CLANG_WARN_UNGUARDED_AVAILABILITY = YES_AGGRESSIVE;
				CLANG_WARN_UNREACHABLE_CODE = YES;
				CLANG_WARN__DUPLICATE_METHOD_MATCH = YES;
				COPY_PHASE_STRIP = NO;
				DEBUG_INFORMATION_FORMAT = "dwarf-with-dsym";
				ENABLE_NS_ASSERTIONS = NO;
				ENABLE_STRICT_OBJC_MSGSEND = YES;
				GCC_C_LANGUAGE_STANDARD = gnu11;
				GCC_NO_COMMON_BLOCKS = YES;
				GCC_WARN_64_TO_32_BIT_CONVERSION = YES;
				GCC_WARN_ABOUT_RETURN_TYPE = YES_ERROR;
				GCC_WARN_UNDECLARED_SELECTOR = YES;
				GCC_WARN_UNINITIALIZED_AUTOS = YES_AGGRESSIVE;
				GCC_WARN_UNUSED_FUNCTION = YES;
				GCC_WARN_UNUSED_VARIABLE = YES;
				IPHONEOS_DEPLOYMENT_TARGET = 15.2;
				MTL_ENABLE_DEBUG_INFO = NO;
				MTL_FAST_MATH = YES;
				SDKROOT = iphoneos;
				SWIFT_COMPILATION_MODE = wholemodule;
				SWIFT_OPTIMIZATION_LEVEL = "-O";
				VALIDATE_PRODUCT = YES;
			};
			name = Release;
		};
		85C8B14828AA760C000FC4C3 /* Debug */ = {
			isa = XCBuildConfiguration;
			baseConfigurationReference = 10F9A9DC53D99DAE94ACB212 /* Pods-SwinJectProject.debug.xcconfig */;
			buildSettings = {
				ASSETCATALOG_COMPILER_APPICON_NAME = AppIcon;
				ASSETCATALOG_COMPILER_GLOBAL_ACCENT_COLOR_NAME = AccentColor;
				CODE_SIGN_STYLE = Automatic;
				CURRENT_PROJECT_VERSION = 1;
				DEVELOPMENT_TEAM = D9ACXVN2BM;
				GENERATE_INFOPLIST_FILE = YES;
				INFOPLIST_FILE = SwinJectProject/Info.plist;
				INFOPLIST_KEY_UIApplicationSupportsIndirectInputEvents = YES;
				INFOPLIST_KEY_UILaunchStoryboardName = LaunchScreen;
				INFOPLIST_KEY_UIMainStoryboardFile = Main;
				INFOPLIST_KEY_UISupportedInterfaceOrientations_iPad = "UIInterfaceOrientationPortrait UIInterfaceOrientationPortraitUpsideDown UIInterfaceOrientationLandscapeLeft UIInterfaceOrientationLandscapeRight";
				INFOPLIST_KEY_UISupportedInterfaceOrientations_iPhone = "UIInterfaceOrientationPortrait UIInterfaceOrientationLandscapeLeft UIInterfaceOrientationLandscapeRight";
				LD_RUNPATH_SEARCH_PATHS = (
					"$(inherited)",
					"@executable_path/Frameworks",
				);
				MARKETING_VERSION = 1.0;
				PRODUCT_BUNDLE_IDENTIFIER = "omar-ahmed.SwinJectProject";
				PRODUCT_NAME = "$(TARGET_NAME)";
				SWIFT_EMIT_LOC_STRINGS = YES;
				SWIFT_VERSION = 5.0;
				TARGETED_DEVICE_FAMILY = "1,2";
			};
			name = Debug;
		};
		85C8B14928AA760C000FC4C3 /* Release */ = {
			isa = XCBuildConfiguration;
			baseConfigurationReference = FF024C24BEDB19A157B391C0 /* Pods-SwinJectProject.release.xcconfig */;
			buildSettings = {
				ASSETCATALOG_COMPILER_APPICON_NAME = AppIcon;
				ASSETCATALOG_COMPILER_GLOBAL_ACCENT_COLOR_NAME = AccentColor;
				CODE_SIGN_STYLE = Automatic;
				CURRENT_PROJECT_VERSION = 1;
				DEVELOPMENT_TEAM = D9ACXVN2BM;
				GENERATE_INFOPLIST_FILE = YES;
				INFOPLIST_FILE = SwinJectProject/Info.plist;
				INFOPLIST_KEY_UIApplicationSupportsIndirectInputEvents = YES;
				INFOPLIST_KEY_UILaunchStoryboardName = LaunchScreen;
				INFOPLIST_KEY_UIMainStoryboardFile = Main;
				INFOPLIST_KEY_UISupportedInterfaceOrientations_iPad = "UIInterfaceOrientationPortrait UIInterfaceOrientationPortraitUpsideDown UIInterfaceOrientationLandscapeLeft UIInterfaceOrientationLandscapeRight";
				INFOPLIST_KEY_UISupportedInterfaceOrientations_iPhone = "UIInterfaceOrientationPortrait UIInterfaceOrientationLandscapeLeft UIInterfaceOrientationLandscapeRight";
				LD_RUNPATH_SEARCH_PATHS = (
					"$(inherited)",
					"@executable_path/Frameworks",
				);
				MARKETING_VERSION = 1.0;
				PRODUCT_BUNDLE_IDENTIFIER = "omar-ahmed.SwinJectProject";
				PRODUCT_NAME = "$(TARGET_NAME)";
				SWIFT_EMIT_LOC_STRINGS = YES;
				SWIFT_VERSION = 5.0;
				TARGETED_DEVICE_FAMILY = "1,2";
			};
			name = Release;
		};
		85C8B14B28AA760C000FC4C3 /* Debug */ = {
			isa = XCBuildConfiguration;
			baseConfigurationReference = A48848D746E70BEC9F17A565 /* Pods-SwinJectProjectTests.debug.xcconfig */;
			buildSettings = {
				ALWAYS_EMBED_SWIFT_STANDARD_LIBRARIES = YES;
				BUNDLE_LOADER = "$(TEST_HOST)";
				CODE_SIGN_STYLE = Automatic;
				CURRENT_PROJECT_VERSION = 1;
				DEVELOPMENT_TEAM = D9ACXVN2BM;
				GENERATE_INFOPLIST_FILE = YES;
				IPHONEOS_DEPLOYMENT_TARGET = 15.2;
				MARKETING_VERSION = 1.0;
				PRODUCT_BUNDLE_IDENTIFIER = "omar-ahmed.SwinJectProjectTests";
				PRODUCT_NAME = "$(TARGET_NAME)";
				SWIFT_EMIT_LOC_STRINGS = NO;
				SWIFT_VERSION = 5.0;
				TARGETED_DEVICE_FAMILY = "1,2";
				TEST_HOST = "$(BUILT_PRODUCTS_DIR)/SwinJectProject.app/SwinJectProject";
			};
			name = Debug;
		};
		85C8B14C28AA760C000FC4C3 /* Release */ = {
			isa = XCBuildConfiguration;
			baseConfigurationReference = E903E1148C6690E55844F09D /* Pods-SwinJectProjectTests.release.xcconfig */;
			buildSettings = {
				ALWAYS_EMBED_SWIFT_STANDARD_LIBRARIES = YES;
				BUNDLE_LOADER = "$(TEST_HOST)";
				CODE_SIGN_STYLE = Automatic;
				CURRENT_PROJECT_VERSION = 1;
				DEVELOPMENT_TEAM = D9ACXVN2BM;
				GENERATE_INFOPLIST_FILE = YES;
				IPHONEOS_DEPLOYMENT_TARGET = 15.2;
				MARKETING_VERSION = 1.0;
				PRODUCT_BUNDLE_IDENTIFIER = "omar-ahmed.SwinJectProjectTests";
				PRODUCT_NAME = "$(TARGET_NAME)";
				SWIFT_EMIT_LOC_STRINGS = NO;
				SWIFT_VERSION = 5.0;
				TARGETED_DEVICE_FAMILY = "1,2";
				TEST_HOST = "$(BUILT_PRODUCTS_DIR)/SwinJectProject.app/SwinJectProject";
			};
			name = Release;
		};
		85C8B14E28AA760C000FC4C3 /* Debug */ = {
			isa = XCBuildConfiguration;
			baseConfigurationReference = 13C7D00383E6E05308A3F873 /* Pods-SwinJectProject-SwinJectProjectUITests.debug.xcconfig */;
			buildSettings = {
				ALWAYS_EMBED_SWIFT_STANDARD_LIBRARIES = YES;
				CODE_SIGN_STYLE = Automatic;
				CURRENT_PROJECT_VERSION = 1;
				DEVELOPMENT_TEAM = D9ACXVN2BM;
				GENERATE_INFOPLIST_FILE = YES;
				MARKETING_VERSION = 1.0;
				PRODUCT_BUNDLE_IDENTIFIER = "omar-ahmed.SwinJectProjectUITests";
				PRODUCT_NAME = "$(TARGET_NAME)";
				SWIFT_EMIT_LOC_STRINGS = NO;
				SWIFT_VERSION = 5.0;
				TARGETED_DEVICE_FAMILY = "1,2";
				TEST_TARGET_NAME = SwinJectProject;
			};
			name = Debug;
		};
		85C8B14F28AA760C000FC4C3 /* Release */ = {
			isa = XCBuildConfiguration;
			baseConfigurationReference = 70BD1C68779F4882AD64329A /* Pods-SwinJectProject-SwinJectProjectUITests.release.xcconfig */;
			buildSettings = {
				ALWAYS_EMBED_SWIFT_STANDARD_LIBRARIES = YES;
				CODE_SIGN_STYLE = Automatic;
				CURRENT_PROJECT_VERSION = 1;
				DEVELOPMENT_TEAM = D9ACXVN2BM;
				GENERATE_INFOPLIST_FILE = YES;
				MARKETING_VERSION = 1.0;
				PRODUCT_BUNDLE_IDENTIFIER = "omar-ahmed.SwinJectProjectUITests";
				PRODUCT_NAME = "$(TARGET_NAME)";
				SWIFT_EMIT_LOC_STRINGS = NO;
				SWIFT_VERSION = 5.0;
				TARGETED_DEVICE_FAMILY = "1,2";
				TEST_TARGET_NAME = SwinJectProject;
			};
			name = Release;
		};
/* End XCBuildConfiguration section */

/* Begin XCConfigurationList section */
		85C8B11828AA760A000FC4C3 /* Build configuration list for PBXProject "SwinJectProject" */ = {
			isa = XCConfigurationList;
			buildConfigurations = (
				85C8B14528AA760C000FC4C3 /* Debug */,
				85C8B14628AA760C000FC4C3 /* Release */,
			);
			defaultConfigurationIsVisible = 0;
			defaultConfigurationName = Release;
		};
		85C8B14728AA760C000FC4C3 /* Build configuration list for PBXNativeTarget "SwinJectProject" */ = {
			isa = XCConfigurationList;
			buildConfigurations = (
				85C8B14828AA760C000FC4C3 /* Debug */,
				85C8B14928AA760C000FC4C3 /* Release */,
			);
			defaultConfigurationIsVisible = 0;
			defaultConfigurationName = Release;
		};
		85C8B14A28AA760C000FC4C3 /* Build configuration list for PBXNativeTarget "SwinJectProjectTests" */ = {
			isa = XCConfigurationList;
			buildConfigurations = (
				85C8B14B28AA760C000FC4C3 /* Debug */,
				85C8B14C28AA760C000FC4C3 /* Release */,
			);
			defaultConfigurationIsVisible = 0;
			defaultConfigurationName = Release;
		};
		85C8B14D28AA760C000FC4C3 /* Build configuration list for PBXNativeTarget "SwinJectProjectUITests" */ = {
			isa = XCConfigurationList;
			buildConfigurations = (
				85C8B14E28AA760C000FC4C3 /* Debug */,
				85C8B14F28AA760C000FC4C3 /* Release */,
			);
			defaultConfigurationIsVisible = 0;
			defaultConfigurationName = Release;
		};
/* End XCConfigurationList section */
	};
	rootObject = 85C8B11528AA760A000FC4C3 /* Project object */;
}
